
Microsoft Visual Studio Solution File, Format Version 12.00
# Visual Studio Version 17
VisualStudioVersion = 17.10.35122.118
MinimumVisualStudioVersion = 10.0.40219.1
Project("{9A19103F-16F7-4668-BE54-9A1E7A4F7556}") = "DWBot", "DWBot\DWBot.csproj", "{ED0F7B57-2ADD-49E5-93AD-5406A22AE37A}"
EndProject
Project("{FAE04EC0-301F-11D3-BF4B-00C04F79EFBC}") = "DWBot.Data", "DWBot.Data\DWBot.Data.csproj", "{4BDD5966-FC4C-469E-AD7B-E0D763F979F5}"
EndProject
Project("{FAE04EC0-301F-11D3-BF4B-00C04F79EFBC}") = "DWBot.Domain", "DWBot.Domain\DWBot.Domain.csproj", "{14EA9A71-512D-4E9B-B284-E118ED620545}"
EndProject
Project("{FAE04EC0-301F-11D3-BF4B-00C04F79EFBC}") = "DWBot.Infrastructure", "DWBot.Infrastructure\DWBot.Infrastructure.csproj", "{10308FBC-C094-4EEA-8202-27EC750991C2}"
EndProject
Global
	GlobalSection(SolutionConfigurationPlatforms) = preSolution
		Debug|Any CPU = Debug|Any CPU
		Release|Any CPU = Release|Any CPU
	EndGlobalSection
	GlobalSection(ProjectConfigurationPlatforms) = postSolution
		{ED0F7B57-2ADD-49E5-93AD-5406A22AE37A}.Debug|Any CPU.ActiveCfg = Debug|Any CPU
		{ED0F7B57-2ADD-49E5-93AD-5406A22AE37A}.Debug|Any CPU.Build.0 = Debug|Any CPU
		{ED0F7B57-2ADD-49E5-93AD-5406A22AE37A}.Release|Any CPU.ActiveCfg = Release|Any CPU
		{ED0F7B57-2ADD-49E5-93AD-5406A22AE37A}.Release|Any CPU.Build.0 = Release|Any CPU
		{4BDD5966-FC4C-469E-AD7B-E0D763F979F5}.Debug|Any CPU.ActiveCfg = Debug|Any CPU
		{4BDD5966-FC4C-469E-AD7B-E0D763F979F5}.Debug|Any CPU.Build.0 = Debug|Any CPU
		{4BDD5966-FC4C-469E-AD7B-E0D763F979F5}.Release|Any CPU.ActiveCfg = Release|Any CPU
		{4BDD5966-FC4C-469E-AD7B-E0D763F979F5}.Release|Any CPU.Build.0 = Release|Any CPU
		{14EA9A71-512D-4E9B-B284-E118ED620545}.Debug|Any CPU.ActiveCfg = Debug|Any CPU
		{14EA9A71-512D-4E9B-B284-E118ED620545}.Debug|Any CPU.Build.0 = Debug|Any CPU
		{14EA9A71-512D-4E9B-B284-E118ED620545}.Release|Any CPU.ActiveCfg = Release|Any CPU
		{14EA9A71-512D-4E9B-B284-E118ED620545}.Release|Any CPU.Build.0 = Release|Any CPU
		{10308FBC-C094-4EEA-8202-27EC750991C2}.Debug|Any CPU.ActiveCfg = Debug|Any CPU
		{10308FBC-C094-4EEA-8202-27EC750991C2}.Debug|Any CPU.Build.0 = Debug|Any CPU
		{10308FBC-C094-4EEA-8202-27EC750991C2}.Release|Any CPU.ActiveCfg = Release|Any CPU
		{10308FBC-C094-4EEA-8202-27EC750991C2}.Release|Any CPU.Build.0 = Release|Any CPU
	EndGlobalSection
	GlobalSection(SolutionProperties) = preSolution
		HideSolutionNode = FALSE
	EndGlobalSection
	GlobalSection(ExtensibilityGlobals) = postSolution
		SolutionGuid = {DED24C27-3CF9-4705-9B3C-83863D1228EC}
	EndGlobalSection
EndGlobal
